
Microsoft Visual Studio Solution File, Format Version 12.00
# Visual Studio Version 17
VisualStudioVersion = 17.1.31911.260
MinimumVisualStudioVersion = 10.0.40219.1
Project("{9A19103F-16F7-4668-BE54-9A1E7A4F7556}") = "FeatureTestApplication", "src\FeatureTestApplication\FeatureTestApplication.csproj", "{87D4C1C3-098F-4041-A1C6-489676949D80}"
EndProject
Project("{9A19103F-16F7-4668-BE54-9A1E7A4F7556}") = "NOW.FeatureFlagExtensions.DependencyInjection", "src\DependencyInjection\NOW.FeatureFlagExtensions.DependencyInjection.csproj", "{958C6CCC-B0F1-4B8A-891F-C158ABBAA958}"
EndProject
Project("{2150E333-8FDC-42A3-9474-1A3956D46DE8}") = "_Solution Items", "_Solution Items", "{716DA470-0644-4483-92A9-1419660351B1}"
	ProjectSection(SolutionItems) = preProject
		.dockerignore = .dockerignore
		.editorconfig = .editorconfig
		.gitignore = .gitignore
		CodeFormatting.ruleset = CodeFormatting.ruleset
		Directory.Build.props = Directory.Build.props
		Directory.Build.targets = Directory.Build.targets
		LICENSE = LICENSE
		NuGet.config = NuGet.config
	EndProjectSection
EndProject
Project("{9A19103F-16F7-4668-BE54-9A1E7A4F7556}") = "NOW.FeatureFlagExtensions.DependencyInjection.FeatureManagement", "src\DependencyInjection.FeatureManagement\NOW.FeatureFlagExtensions.DependencyInjection.FeatureManagement.csproj", "{61D65F03-A24D-4B00-9CBE-63BDF7392FC0}"
EndProject
Project("{9A19103F-16F7-4668-BE54-9A1E7A4F7556}") = "NOW.FeatureFlagExtensions.FeatureManagement", "src\FeatureManagement\NOW.FeatureFlagExtensions.FeatureManagement.csproj", "{EF09BDDC-AEDD-416E-ACBB-C4074648739C}"
EndProject
Project("{9A19103F-16F7-4668-BE54-9A1E7A4F7556}") = "NOW.FeatureFlagExtensions.FeatureManagement.Swagger", "src\FeatureManagement.Swagger\NOW.FeatureFlagExtensions.FeatureManagement.Swagger.csproj", "{E7D50CE4-3675-4976-BF48-1CA87AAA2EDE}"
EndProject
Project("{9A19103F-16F7-4668-BE54-9A1E7A4F7556}") = "NOW.FeatureFlagExtensions.DependencyInjection.Interceptors", "src\DependencyInjection.Interceptors\NOW.FeatureFlagExtensions.DependencyInjection.Interceptors.csproj", "{0C4F1914-D528-45B1-B109-23AAE1C10B11}"
EndProject
Project("{9A19103F-16F7-4668-BE54-9A1E7A4F7556}") = "NOW.FeatureFlagExtensions.DependencyInjection.Managers", "src\DependencyInjection.Managers\NOW.FeatureFlagExtensions.DependencyInjection.Managers.csproj", "{ACDB48D7-F155-4A48-9140-F5ECD6575F80}"
EndProject
Project("{9A19103F-16F7-4668-BE54-9A1E7A4F7556}") = "NOW.FeatureFlagExtensions.DependencyInjection.Models", "src\DependencyInjection.Models\NOW.FeatureFlagExtensions.DependencyInjection.Models.csproj", "{8112E143-C8F3-47EE-A223-C8D40F08C50D}"
EndProject
Project("{2150E333-8FDC-42A3-9474-1A3956D46DE8}") = "DependencyInjection", "DependencyInjection", "{8CA26FF4-1607-4DAD-A057-0278ACF22B10}"
EndProject
Project("{2150E333-8FDC-42A3-9474-1A3956D46DE8}") = "Microsoft.FeatureManagement", "Microsoft.FeatureManagement", "{2126E1A8-037F-4E9F-89CA-20E40CCC76BF}"
EndProject
Project("{2150E333-8FDC-42A3-9474-1A3956D46DE8}") = "build", "build", "{D516C6B0-D8C8-4EF2-B5A9-B5ADFCB23B65}"
	ProjectSection(SolutionItems) = preProject
		build\Dependencies.props = build\Dependencies.props
		build\LibraryProject.props = build\LibraryProject.props
		build\Package.props = build\Package.props
		build\ResourceProject.props = build\ResourceProject.props
		build\TestProject.props = build\TestProject.props
	EndProjectSection
EndProject
Project("{2150E333-8FDC-42A3-9474-1A3956D46DE8}") = "docs", "docs", "{FCC8266A-42D9-4A0A-AF0B-8807452DDEE0}"
	ProjectSection(SolutionItems) = preProject
		docs\CODE_OF_CONDUCT.md = docs\CODE_OF_CONDUCT.md
	EndProjectSection
EndProject
Project("{9A19103F-16F7-4668-BE54-9A1E7A4F7556}") = "NOW.FeatureFlagExtensions.DependencyInjection.Tests", "src\DependencyInjection.Tests\NOW.FeatureFlagExtensions.DependencyInjection.Tests.csproj", "{4DC79383-9050-4FA8-87CE-D004FEB1F021}"
EndProject
Project("{9A19103F-16F7-4668-BE54-9A1E7A4F7556}") = "TestFeatures", "src\TestFeatures\TestFeatures.csproj", "{CE73A684-0DB2-4009-893B-31784987AD31}"
EndProject
Project("{9A19103F-16F7-4668-BE54-9A1E7A4F7556}") = "TestFeatureFlagManager", "src\TestFeatureFlagManager\TestFeatureFlagManager.csproj", "{9F1AA368-73D3-4CB9-B1B1-2D7601C97858}"
EndProject
Project("{2150E333-8FDC-42A3-9474-1A3956D46DE8}") = "Benchmarks", "Benchmarks", "{F6081542-9AA6-46C3-84D5-F16C9F670488}"
EndProject
Project("{9A19103F-16F7-4668-BE54-9A1E7A4F7556}") = "NOW.FeatureFlagExtensions.Benchmarks.Common", "src\Benchmarks\Common\NOW.FeatureFlagExtensions.Benchmarks.Common.csproj", "{B15C00C9-DF72-46E4-8253-07A9E202E8E6}"
EndProject
Project("{9A19103F-16F7-4668-BE54-9A1E7A4F7556}") = "NOW.FeatureFlagExtensions.Benchmarks.DefaultInjection", "src\Benchmarks\DefaultInjection\NOW.FeatureFlagExtensions.Benchmarks.DefaultInjection.csproj", "{F3DECD4B-E700-4C11-AE14-AB4273C51B70}"
EndProject
Project("{9A19103F-16F7-4668-BE54-9A1E7A4F7556}") = "NOW.FeatureFlagExtensions.Benchmarks.VanillaInjection", "src\Benchmarks\VanillaInjection\NOW.FeatureFlagExtensions.Benchmarks.VanillaInjection.csproj", "{878F9BAB-15CC-4B04-9185-70954C3E4B17}"
EndProject
Project("{9A19103F-16F7-4668-BE54-9A1E7A4F7556}") = "NOW.FeatureFlagExtensions.Benchmarks.InterceptorInjection", "src\Benchmarks\InterceptorInjection\NOW.FeatureFlagExtensions.Benchmarks.InterceptorInjection.csproj", "{E2592D58-73B0-4C29-8B9B-F9D7E6C24A57}"
EndProject
Project("{9A19103F-16F7-4668-BE54-9A1E7A4F7556}") = "NOW.FeatureFlagExtensions.DependencyInjection.Interceptors.Tests", "src\DependencyInjection.Interceptors.Tests\NOW.FeatureFlagExtensions.DependencyInjection.Interceptors.Tests.csproj", "{4357397C-E603-4FA5-8704-8EC8B9004A71}"
EndProject
Global
	GlobalSection(SolutionConfigurationPlatforms) = preSolution
		Debug|Any CPU = Debug|Any CPU
		Release|Any CPU = Release|Any CPU
	EndGlobalSection
	GlobalSection(ProjectConfigurationPlatforms) = postSolution
		{87D4C1C3-098F-4041-A1C6-489676949D80}.Debug|Any CPU.ActiveCfg = Debug|Any CPU
		{87D4C1C3-098F-4041-A1C6-489676949D80}.Debug|Any CPU.Build.0 = Debug|Any CPU
		{87D4C1C3-098F-4041-A1C6-489676949D80}.Release|Any CPU.ActiveCfg = Release|Any CPU
		{87D4C1C3-098F-4041-A1C6-489676949D80}.Release|Any CPU.Build.0 = Release|Any CPU
		{958C6CCC-B0F1-4B8A-891F-C158ABBAA958}.Debug|Any CPU.ActiveCfg = Debug|Any CPU
		{958C6CCC-B0F1-4B8A-891F-C158ABBAA958}.Debug|Any CPU.Build.0 = Debug|Any CPU
		{958C6CCC-B0F1-4B8A-891F-C158ABBAA958}.Release|Any CPU.ActiveCfg = Release|Any CPU
		{958C6CCC-B0F1-4B8A-891F-C158ABBAA958}.Release|Any CPU.Build.0 = Release|Any CPU
		{61D65F03-A24D-4B00-9CBE-63BDF7392FC0}.Debug|Any CPU.ActiveCfg = Debug|Any CPU
		{61D65F03-A24D-4B00-9CBE-63BDF7392FC0}.Debug|Any CPU.Build.0 = Debug|Any CPU
		{61D65F03-A24D-4B00-9CBE-63BDF7392FC0}.Release|Any CPU.ActiveCfg = Release|Any CPU
		{61D65F03-A24D-4B00-9CBE-63BDF7392FC0}.Release|Any CPU.Build.0 = Release|Any CPU
		{EF09BDDC-AEDD-416E-ACBB-C4074648739C}.Debug|Any CPU.ActiveCfg = Debug|Any CPU
		{EF09BDDC-AEDD-416E-ACBB-C4074648739C}.Debug|Any CPU.Build.0 = Debug|Any CPU
		{EF09BDDC-AEDD-416E-ACBB-C4074648739C}.Release|Any CPU.ActiveCfg = Release|Any CPU
		{EF09BDDC-AEDD-416E-ACBB-C4074648739C}.Release|Any CPU.Build.0 = Release|Any CPU
		{E7D50CE4-3675-4976-BF48-1CA87AAA2EDE}.Debug|Any CPU.ActiveCfg = Debug|Any CPU
		{E7D50CE4-3675-4976-BF48-1CA87AAA2EDE}.Debug|Any CPU.Build.0 = Debug|Any CPU
		{E7D50CE4-3675-4976-BF48-1CA87AAA2EDE}.Release|Any CPU.ActiveCfg = Release|Any CPU
		{E7D50CE4-3675-4976-BF48-1CA87AAA2EDE}.Release|Any CPU.Build.0 = Release|Any CPU
		{0C4F1914-D528-45B1-B109-23AAE1C10B11}.Debug|Any CPU.ActiveCfg = Debug|Any CPU
		{0C4F1914-D528-45B1-B109-23AAE1C10B11}.Debug|Any CPU.Build.0 = Debug|Any CPU
		{0C4F1914-D528-45B1-B109-23AAE1C10B11}.Release|Any CPU.ActiveCfg = Release|Any CPU
		{0C4F1914-D528-45B1-B109-23AAE1C10B11}.Release|Any CPU.Build.0 = Release|Any CPU
		{ACDB48D7-F155-4A48-9140-F5ECD6575F80}.Debug|Any CPU.ActiveCfg = Debug|Any CPU
		{ACDB48D7-F155-4A48-9140-F5ECD6575F80}.Debug|Any CPU.Build.0 = Debug|Any CPU
		{ACDB48D7-F155-4A48-9140-F5ECD6575F80}.Release|Any CPU.ActiveCfg = Release|Any CPU
		{ACDB48D7-F155-4A48-9140-F5ECD6575F80}.Release|Any CPU.Build.0 = Release|Any CPU
		{8112E143-C8F3-47EE-A223-C8D40F08C50D}.Debug|Any CPU.ActiveCfg = Debug|Any CPU
		{8112E143-C8F3-47EE-A223-C8D40F08C50D}.Debug|Any CPU.Build.0 = Debug|Any CPU
		{8112E143-C8F3-47EE-A223-C8D40F08C50D}.Release|Any CPU.ActiveCfg = Release|Any CPU
		{8112E143-C8F3-47EE-A223-C8D40F08C50D}.Release|Any CPU.Build.0 = Release|Any CPU
		{4DC79383-9050-4FA8-87CE-D004FEB1F021}.Debug|Any CPU.ActiveCfg = Debug|Any CPU
		{4DC79383-9050-4FA8-87CE-D004FEB1F021}.Debug|Any CPU.Build.0 = Debug|Any CPU
		{4DC79383-9050-4FA8-87CE-D004FEB1F021}.Release|Any CPU.ActiveCfg = Release|Any CPU
		{4DC79383-9050-4FA8-87CE-D004FEB1F021}.Release|Any CPU.Build.0 = Release|Any CPU
		{CE73A684-0DB2-4009-893B-31784987AD31}.Debug|Any CPU.ActiveCfg = Debug|Any CPU
		{CE73A684-0DB2-4009-893B-31784987AD31}.Debug|Any CPU.Build.0 = Debug|Any CPU
		{CE73A684-0DB2-4009-893B-31784987AD31}.Release|Any CPU.ActiveCfg = Release|Any CPU
		{CE73A684-0DB2-4009-893B-31784987AD31}.Release|Any CPU.Build.0 = Release|Any CPU
		{9F1AA368-73D3-4CB9-B1B1-2D7601C97858}.Debug|Any CPU.ActiveCfg = Debug|Any CPU
		{9F1AA368-73D3-4CB9-B1B1-2D7601C97858}.Debug|Any CPU.Build.0 = Debug|Any CPU
		{9F1AA368-73D3-4CB9-B1B1-2D7601C97858}.Release|Any CPU.ActiveCfg = Release|Any CPU
		{9F1AA368-73D3-4CB9-B1B1-2D7601C97858}.Release|Any CPU.Build.0 = Release|Any CPU
		{B15C00C9-DF72-46E4-8253-07A9E202E8E6}.Debug|Any CPU.ActiveCfg = Debug|Any CPU
		{B15C00C9-DF72-46E4-8253-07A9E202E8E6}.Debug|Any CPU.Build.0 = Debug|Any CPU
		{B15C00C9-DF72-46E4-8253-07A9E202E8E6}.Release|Any CPU.ActiveCfg = Release|Any CPU
		{B15C00C9-DF72-46E4-8253-07A9E202E8E6}.Release|Any CPU.Build.0 = Release|Any CPU
		{F3DECD4B-E700-4C11-AE14-AB4273C51B70}.Debug|Any CPU.ActiveCfg = Debug|Any CPU
		{F3DECD4B-E700-4C11-AE14-AB4273C51B70}.Debug|Any CPU.Build.0 = Debug|Any CPU
		{F3DECD4B-E700-4C11-AE14-AB4273C51B70}.Release|Any CPU.ActiveCfg = Release|Any CPU
		{F3DECD4B-E700-4C11-AE14-AB4273C51B70}.Release|Any CPU.Build.0 = Release|Any CPU
		{878F9BAB-15CC-4B04-9185-70954C3E4B17}.Debug|Any CPU.ActiveCfg = Debug|Any CPU
		{878F9BAB-15CC-4B04-9185-70954C3E4B17}.Debug|Any CPU.Build.0 = Debug|Any CPU
		{878F9BAB-15CC-4B04-9185-70954C3E4B17}.Release|Any CPU.ActiveCfg = Release|Any CPU
		{878F9BAB-15CC-4B04-9185-70954C3E4B17}.Release|Any CPU.Build.0 = Release|Any CPU
		{E2592D58-73B0-4C29-8B9B-F9D7E6C24A57}.Debug|Any CPU.ActiveCfg = Debug|Any CPU
		{E2592D58-73B0-4C29-8B9B-F9D7E6C24A57}.Debug|Any CPU.Build.0 = Debug|Any CPU
		{E2592D58-73B0-4C29-8B9B-F9D7E6C24A57}.Release|Any CPU.ActiveCfg = Release|Any CPU
		{E2592D58-73B0-4C29-8B9B-F9D7E6C24A57}.Release|Any CPU.Build.0 = Release|Any CPU
		{4357397C-E603-4FA5-8704-8EC8B9004A71}.Debug|Any CPU.ActiveCfg = Debug|Any CPU
		{4357397C-E603-4FA5-8704-8EC8B9004A71}.Debug|Any CPU.Build.0 = Debug|Any CPU
		{4357397C-E603-4FA5-8704-8EC8B9004A71}.Release|Any CPU.ActiveCfg = Release|Any CPU
		{4357397C-E603-4FA5-8704-8EC8B9004A71}.Release|Any CPU.Build.0 = Release|Any CPU
	EndGlobalSection
	GlobalSection(SolutionProperties) = preSolution
		HideSolutionNode = FALSE
	EndGlobalSection
	GlobalSection(NestedProjects) = preSolution
		{958C6CCC-B0F1-4B8A-891F-C158ABBAA958} = {8CA26FF4-1607-4DAD-A057-0278ACF22B10}
		{61D65F03-A24D-4B00-9CBE-63BDF7392FC0} = {8CA26FF4-1607-4DAD-A057-0278ACF22B10}
		{EF09BDDC-AEDD-416E-ACBB-C4074648739C} = {2126E1A8-037F-4E9F-89CA-20E40CCC76BF}
		{E7D50CE4-3675-4976-BF48-1CA87AAA2EDE} = {2126E1A8-037F-4E9F-89CA-20E40CCC76BF}
		{0C4F1914-D528-45B1-B109-23AAE1C10B11} = {8CA26FF4-1607-4DAD-A057-0278ACF22B10}
		{ACDB48D7-F155-4A48-9140-F5ECD6575F80} = {8CA26FF4-1607-4DAD-A057-0278ACF22B10}
		{8112E143-C8F3-47EE-A223-C8D40F08C50D} = {8CA26FF4-1607-4DAD-A057-0278ACF22B10}
		{D516C6B0-D8C8-4EF2-B5A9-B5ADFCB23B65} = {716DA470-0644-4483-92A9-1419660351B1}
		{FCC8266A-42D9-4A0A-AF0B-8807452DDEE0} = {716DA470-0644-4483-92A9-1419660351B1}
		{4DC79383-9050-4FA8-87CE-D004FEB1F021} = {8CA26FF4-1607-4DAD-A057-0278ACF22B10}
		{B15C00C9-DF72-46E4-8253-07A9E202E8E6} = {F6081542-9AA6-46C3-84D5-F16C9F670488}
		{F3DECD4B-E700-4C11-AE14-AB4273C51B70} = {F6081542-9AA6-46C3-84D5-F16C9F670488}
		{878F9BAB-15CC-4B04-9185-70954C3E4B17} = {F6081542-9AA6-46C3-84D5-F16C9F670488}
		{E2592D58-73B0-4C29-8B9B-F9D7E6C24A57} = {F6081542-9AA6-46C3-84D5-F16C9F670488}
		{4357397C-E603-4FA5-8704-8EC8B9004A71} = {8CA26FF4-1607-4DAD-A057-0278ACF22B10}
	EndGlobalSection
	GlobalSection(ExtensibilityGlobals) = postSolution
		SolutionGuid = {46A24A9C-F0DE-45CB-9557-A0BEEFDFA61C}
	EndGlobalSection
EndGlobal
